
Microsoft Visual Studio Solution File, Format Version 12.00
# Visual Studio Version 17
VisualStudioVersion = 17.5.002.0
MinimumVisualStudioVersion = 10.0.40219.1
Project("{9A19103F-16F7-4668-BE54-9A1E7A4F7556}") = "Program_kr", "Program_kr\Program_kr.csproj", "{D3CA69CE-E498-499B-B178-B75A5021A893}"
EndProject
Global
	GlobalSection(SolutionConfigurationPlatforms) = preSolution
		Debug|Any CPU = Debug|Any CPU
		Release|Any CPU = Release|Any CPU
	EndGlobalSection
	GlobalSection(ProjectConfigurationPlatforms) = postSolution
		{D3CA69CE-E498-499B-B178-B75A5021A893}.Debug|Any CPU.ActiveCfg = Debug|Any CPU
		{D3CA69CE-E498-499B-B178-B75A5021A893}.Debug|Any CPU.Build.0 = Debug|Any CPU
		{D3CA69CE-E498-499B-B178-B75A5021A893}.Release|Any CPU.ActiveCfg = Release|Any CPU
		{D3CA69CE-E498-499B-B178-B75A5021A893}.Release|Any CPU.Build.0 = Release|Any CPU
	EndGlobalSection
	GlobalSection(SolutionProperties) = preSolution
		HideSolutionNode = FALSE
	EndGlobalSection
	GlobalSection(ExtensibilityGlobals) = postSolution
		SolutionGuid = {FAABBECA-9E8E-4245-B3BC-A1E554C74EEE}
	EndGlobalSection
EndGlobal
